
Microsoft Visual Studio Solution File, Format Version 12.00
# Visual Studio 2013
VisualStudioVersion = 12.0.40629.0
MinimumVisualStudioVersion = 10.0.40219.1
Project("{FAE04EC0-301F-11D3-BF4B-00C04F79EFBC}") = "Elasticsearch.Net.Aws", "Elasticsearch.Net.Aws\Elasticsearch.Net.Aws.csproj", "{17DB4A76-0442-4020-8659-13645AEEE722}"
EndProject
Project("{FAE04EC0-301F-11D3-BF4B-00C04F79EFBC}") = "Tests", "Tests\Tests.csproj", "{4C55D18B-FD05-424C-8E22-C37F511FD5DA}"
EndProject
Global
	GlobalSection(SolutionConfigurationPlatforms) = preSolution
		Debug|Any CPU = Debug|Any CPU
		Release|Any CPU = Release|Any CPU
	EndGlobalSection
	GlobalSection(ProjectConfigurationPlatforms) = postSolution
		{17DB4A76-0442-4020-8659-13645AEEE722}.Debug|Any CPU.ActiveCfg = Debug|Any CPU
		{17DB4A76-0442-4020-8659-13645AEEE722}.Debug|Any CPU.Build.0 = Debug|Any CPU
		{17DB4A76-0442-4020-8659-13645AEEE722}.Release|Any CPU.ActiveCfg = Release|Any CPU
		{17DB4A76-0442-4020-8659-13645AEEE722}.Release|Any CPU.Build.0 = Release|Any CPU
		{4C55D18B-FD05-424C-8E22-C37F511FD5DA}.Debug|Any CPU.ActiveCfg = Debug|Any CPU
		{4C55D18B-FD05-424C-8E22-C37F511FD5DA}.Debug|Any CPU.Build.0 = Debug|Any CPU
		{4C55D18B-FD05-424C-8E22-C37F511FD5DA}.Release|Any CPU.ActiveCfg = Release|Any CPU
		{4C55D18B-FD05-424C-8E22-C37F511FD5DA}.Release|Any CPU.Build.0 = Release|Any CPU
	EndGlobalSection
	GlobalSection(SolutionProperties) = preSolution
		HideSolutionNode = FALSE
	EndGlobalSection
EndGlobal
